
Microsoft Visual Studio Solution File, Format Version 12.00
# Visual Studio Version 16
VisualStudioVersion = 16.0.30717.126
MinimumVisualStudioVersion = 10.0.40219.1
Project("{9A19103F-16F7-4668-BE54-9A1E7A4F7556}") = "AuditPoc.Api", "AuditPoc.Api\AuditPoc.Api.csproj", "{6A49D785-8C79-488B-AF0A-244B3112B689}"
EndProject
Project("{FAE04EC0-301F-11D3-BF4B-00C04F79EFBC}") = "AuditPoc.Data", "AuditPoc.Data\AuditPoc.Data.csproj", "{275E1D10-8578-4DE7-9A4B-992D5404166B}"
EndProject
Global
	GlobalSection(SolutionConfigurationPlatforms) = preSolution
		Debug|Any CPU = Debug|Any CPU
		Release|Any CPU = Release|Any CPU
	EndGlobalSection
	GlobalSection(ProjectConfigurationPlatforms) = postSolution
		{6A49D785-8C79-488B-AF0A-244B3112B689}.Debug|Any CPU.ActiveCfg = Debug|Any CPU
		{6A49D785-8C79-488B-AF0A-244B3112B689}.Debug|Any CPU.Build.0 = Debug|Any CPU
		{6A49D785-8C79-488B-AF0A-244B3112B689}.Release|Any CPU.ActiveCfg = Release|Any CPU
		{6A49D785-8C79-488B-AF0A-244B3112B689}.Release|Any CPU.Build.0 = Release|Any CPU
		{275E1D10-8578-4DE7-9A4B-992D5404166B}.Debug|Any CPU.ActiveCfg = Debug|Any CPU
		{275E1D10-8578-4DE7-9A4B-992D5404166B}.Debug|Any CPU.Build.0 = Debug|Any CPU
		{275E1D10-8578-4DE7-9A4B-992D5404166B}.Release|Any CPU.ActiveCfg = Release|Any CPU
		{275E1D10-8578-4DE7-9A4B-992D5404166B}.Release|Any CPU.Build.0 = Release|Any CPU
	EndGlobalSection
	GlobalSection(SolutionProperties) = preSolution
		HideSolutionNode = FALSE
	EndGlobalSection
	GlobalSection(ExtensibilityGlobals) = postSolution
		SolutionGuid = {C247EB67-BD58-49E7-9F65-0316A2FF2ACD}
	EndGlobalSection
EndGlobal
